# This file is generated by running "yarn install" inside your project.
# Manual changes might be lost - proceed with caution!

__metadata:
  version: 8
  cacheKey: 10c0

"@fortawesome/fontawesome-free@npm:^7.1.0":
  version: 7.1.0
  resolution: "@fortawesome/fontawesome-free@npm:7.1.0"
  checksum: 10c0/3bcaf2c18f3b2ece0fb5640681f13051cb787d686ab444437b3605ba3dca9dce4c7c1f844d94b7ad011482ac20b2b387f3a4c33c2739b50c4425fe529ab7b050
  languageName: node
  linkType: hard

"@mathjax/mathjax-newcm-font@npm:^4.0.0":
  version: 4.0.0
  resolution: "@mathjax/mathjax-newcm-font@npm:4.0.0"
  checksum: 10c0/a1bb226df0240591b831885f614ff699278dbe9489b38bbf3d18e742e2c283edf10aae856328af84f8c7856a2b0a1b78e18807b8b078afc88786928235f7c6c7
  languageName: node
  linkType: hard

"@melloware/coloris@npm:^0.25.0":
  version: 0.25.0
  resolution: "@melloware/coloris@npm:0.25.0"
  checksum: 10c0/15727dc98891ae8cca394c4300e4c7ba5015bdc5e1fb7bc411d6f726207ebb14c60de843ed58ef19dfe5bc001655ed38e45dd1ba7680f0c256ca035a417945da
  languageName: node
  linkType: hard

"@popperjs/core@npm:^2.11.8":
  version: 2.11.8
  resolution: "@popperjs/core@npm:2.11.8"
  checksum: 10c0/4681e682abc006d25eb380d0cf3efc7557043f53b6aea7a5057d0d1e7df849a00e281cd8ea79c902a35a414d7919621fc2ba293ecec05f413598e0b23d5a1e63
  languageName: node
  linkType: hard

"bootstrap-toggle@npm:^2.2.2":
  version: 2.2.2
  resolution: "bootstrap-toggle@npm:2.2.2"
  checksum: 10c0/0bf273cfa3d7ed3bd6de62498a85587796ddc9d3022309042047fb4a85c9aacad1d54e5f965c310eb1b56b9bce0962e421ec0352c68172572e406354424f4891
  languageName: node
  linkType: hard

"bootstrap@npm:^5.1.3, bootstrap@npm:^5.3.8":
  version: 5.3.8
  resolution: "bootstrap@npm:5.3.8"
  peerDependencies:
    "@popperjs/core": ^2.11.8
  checksum: 10c0/0039a9df2c3e7bfa04f1abca199c299ff3b75869d578c0cb1721c6f1f203c91531788a5631ecbee01513481979314d0e4ba0d90c2011e6ce18fc2e0bc93e18d9
  languageName: node
  linkType: hard

"d3@npm:3.5.17":
  version: 3.5.17
  resolution: "d3@npm:3.5.17"
  checksum: 10c0/4b62f75a970a0678fc81c93fc4940708eaccc379dd419ea605c0d981caffa578028728a2e718079577de9690733f1f1a28baac5c008d49cef339fc120beb9c83
  languageName: node
  linkType: hard

"datatables.net-bs5@npm:^2.3.4":
  version: 2.3.5
  resolution: "datatables.net-bs5@npm:2.3.5"
  dependencies:
    datatables.net: "npm:2.3.5"
    jquery: "npm:>=1.7"
  checksum: 10c0/f81b39c3471cde797874afb156f4ec1383b5ff836a3f54f9064eb273701c06a8bc82f85e90890fa644dc7f80e76eab2059cb903cbbd54543c649ddc653810f14
  languageName: node
  linkType: hard

"datatables.net@npm:2.3.5, datatables.net@npm:^2.3.4":
  version: 2.3.5
  resolution: "datatables.net@npm:2.3.5"
  dependencies:
    jquery: "npm:>=1.7"
  checksum: 10c0/480a459d566c41ab8016968165015cda03c34d0a2fddd32e75f125771a0e7673c6c39a09667bda33983db5d1ae0097522c69bcad9a8bca3f5324aea991c16ede
  languageName: node
  linkType: hard

"dompurify@npm:3.1.7":
  version: 3.1.7
  resolution: "dompurify@npm:3.1.7"
  checksum: 10c0/fcceef2e9f824d712a056fa699b0538f3337f5cf00ccb7227bdc7eba5463823e15d9aecc00a2fd81c726b28a71e7b09f0eb8a2fde1021c40e35f12dc67b66394
  languageName: node
  linkType: hard

"file-saver@npm:^2.0.5":
  version: 2.0.5
  resolution: "file-saver@npm:2.0.5"
  checksum: 10c0/0a361f683786c34b2574aea53744cb70d0a6feb0fa5e3af00f2fcb6c9d40d3049cc1470e38c6c75df24219f247f6fb3076f86943958f580e62ee2ffe897af8b1
  languageName: node
  linkType: hard

"flag-icons@npm:^7.5.0":
  version: 7.5.0
  resolution: "flag-icons@npm:7.5.0"
  checksum: 10c0/c81e20c1751833882c95633349ba7e76e74d7d86c317e4ac2bac86589325430a3181913453fa3824edabaa1a84469f7ae4fd50c388027079048a5c3be438874a
  languageName: node
  linkType: hard

"jquery-debounce-throttle@npm:^1.0.6-rc.0":
  version: 1.0.6-rc.0
  resolution: "jquery-debounce-throttle@npm:1.0.6-rc.0"
  dependencies:
    jquery: "npm:>=1.7"
  checksum: 10c0/9b206fb8996efdbea106dc7b3fd788727ed8684f1cb6096dd43d7eb2846109240271f1b18e933df38cbfcf33294726ae0641da603cf5ec7c9fb3b063a14f83ee
  languageName: node
  linkType: hard

"jquery@npm:>=1.7":
  version: 3.7.1
  resolution: "jquery@npm:3.7.1"
  checksum: 10c0/808cfbfb758438560224bf26e17fcd5afc7419170230c810dd11f5c1792e2263e2970cca8d659eb84fcd9acc301edb6d310096e450277d54be4f57071b0c82d9
  languageName: node
  linkType: hard

"marked@npm:14.0.0":
  version: 14.0.0
  resolution: "marked@npm:14.0.0"
  bin:
    marked: bin/marked.js
  checksum: 10c0/57a47cb110f7b1a10f398b0a7236f9183aad2dcd5345ee73f2732b6387e585d04cef472bc655d2f84c542296be9728e179aebe3ed7f2f8666b8a0a9dae592876
  languageName: node
  linkType: hard

"mathjax@npm:^4.0.0":
  version: 4.0.0
  resolution: "mathjax@npm:4.0.0"
  dependencies:
    "@mathjax/mathjax-newcm-font": "npm:^4.0.0"
  checksum: 10c0/8e91d59bb070420bd4c8e032cdd98f518b7e331621611021f15ff49a93df20ee300ac0f403bd6cb9c8bdbddb3a279344c412af16e47d9b4c3c328a72012636e2
  languageName: node
  linkType: hard

"monaco-editor@npm:^0.54.0":
  version: 0.54.0
  resolution: "monaco-editor@npm:0.54.0"
  dependencies:
    dompurify: "npm:3.1.7"
    marked: "npm:14.0.0"
  checksum: 10c0/40198c0bac873d10804a89c991c014088943b23625d68149cb38fc52c3438c896803f645a36a6f75e0d961c87e8726073cb504e2427fc33850e0b034ff6229ee
  languageName: node
  linkType: hard

"nvd3@npm:1.8.6":
  version: 1.8.6
  resolution: "nvd3@npm:1.8.6"
  peerDependencies:
    d3: ^3.4.4
  checksum: 10c0/4e533099147d6f77934634ced70a4cc760601b231dab85e80b0af125e720e42fcaf938da1d63677fc974bae937b384fdd90e8816681b7d8caf1d408205048bfb
  languageName: node
  linkType: hard

"root-workspace-0b6124@workspace:.":
  version: 0.0.0-use.local
  resolution: "root-workspace-0b6124@workspace:."
  dependencies:
    "@fortawesome/fontawesome-free": "npm:^7.1.0"
    "@melloware/coloris": "npm:^0.25.0"
    "@popperjs/core": "npm:^2.11.8"
    bootstrap: "npm:^5.3.8"
    bootstrap-toggle: "npm:^2.2.2"
    d3: "npm:3.5.17"
    datatables.net: "npm:^2.3.4"
    datatables.net-bs5: "npm:^2.3.4"
    file-saver: "npm:^2.0.5"
    flag-icons: "npm:^7.5.0"
    jquery-debounce-throttle: "npm:^1.0.6-rc.0"
    mathjax: "npm:^4.0.0"
    monaco-editor: "npm:^0.54.0"
    nvd3: "npm:1.8.6"
    select2: "npm:^4.0.13"
    select2-bootstrap-5-theme: "npm:^1.3.0"
  languageName: unknown
  linkType: soft

"select2-bootstrap-5-theme@npm:^1.3.0":
  version: 1.3.0
  resolution: "select2-bootstrap-5-theme@npm:1.3.0"
  dependencies:
    bootstrap: "npm:^5.1.3"
  checksum: 10c0/bc8d26b9c2b3151684976ba1502b35e88fe0e1f8fb032cabb6eb988d6a71a0b3d3211a9cec6cb4aa0cab2cd62410819b9999eb3c7ac1a483f1f3a3b98f426113
  languageName: node
  linkType: hard

"select2@npm:^4.0.13":
  version: 4.0.13
  resolution: "select2@npm:4.0.13"
  checksum: 10c0/a393866565a5f878ca21276ed32793595851debb35ff48a8c368640e732619349f547d335b438b45ff5647145eb6c5af868cd5153740de58306a2dca2498550f
  languageName: node
  linkType: hard
